
Microsoft Visual Studio Solution File, Format Version 12.00
# Visual Studio Version 17
VisualStudioVersion = 17.9.34701.34
MinimumVisualStudioVersion = 10.0.40219.1
Project("{FAE04EC0-301F-11D3-BF4B-00C04F79EFBC}") = "Jossue Ayala", "Jossue Ayala\Jossue Ayala.csproj", "{C94F080C-7116-43C2-AEAC-6696F2806588}"
EndProject
Global
	GlobalSection(SolutionConfigurationPlatforms) = preSolution
		Debug|Any CPU = Debug|Any CPU
		Release|Any CPU = Release|Any CPU
	EndGlobalSection
	GlobalSection(ProjectConfigurationPlatforms) = postSolution
		{C94F080C-7116-43C2-AEAC-6696F2806588}.Debug|Any CPU.ActiveCfg = Debug|Any CPU
		{C94F080C-7116-43C2-AEAC-6696F2806588}.Debug|Any CPU.Build.0 = Debug|Any CPU
		{C94F080C-7116-43C2-AEAC-6696F2806588}.Release|Any CPU.ActiveCfg = Release|Any CPU
		{C94F080C-7116-43C2-AEAC-6696F2806588}.Release|Any CPU.Build.0 = Release|Any CPU
	EndGlobalSection
	GlobalSection(SolutionProperties) = preSolution
		HideSolutionNode = FALSE
	EndGlobalSection
	GlobalSection(ExtensibilityGlobals) = postSolution
		SolutionGuid = {683CBD5D-72C0-46E0-97B3-3A5C701EA3CE}
	EndGlobalSection
EndGlobal
